
Microsoft Visual Studio Solution File, Format Version 12.00
# Visual Studio Version 16
VisualStudioVersion = 16.0.29503.13
MinimumVisualStudioVersion = 10.0.40219.1
Project("{FAE04EC0-301F-11D3-BF4B-00C04F79EFBC}") = "XO-Game", "XO-Game.csproj", "{BC924943-559B-4406-BAD0-6F99C84C1942}"
EndProject
Global
	GlobalSection(SolutionConfigurationPlatforms) = preSolution
		Debug|Any CPU = Debug|Any CPU
		Release|Any CPU = Release|Any CPU
	EndGlobalSection
	GlobalSection(ProjectConfigurationPlatforms) = postSolution
		{BC924943-559B-4406-BAD0-6F99C84C1942}.Debug|Any CPU.ActiveCfg = Debug|Any CPU
		{BC924943-559B-4406-BAD0-6F99C84C1942}.Debug|Any CPU.Build.0 = Debug|Any CPU
		{BC924943-559B-4406-BAD0-6F99C84C1942}.Release|Any CPU.ActiveCfg = Release|Any CPU
		{BC924943-559B-4406-BAD0-6F99C84C1942}.Release|Any CPU.Build.0 = Release|Any CPU
	EndGlobalSection
	GlobalSection(SolutionProperties) = preSolution
		HideSolutionNode = FALSE
	EndGlobalSection
	GlobalSection(ExtensibilityGlobals) = postSolution
		SolutionGuid = {7E2D1F0D-994A-4A59-BBA7-B0129DFDD9D1}
	EndGlobalSection
EndGlobal
